
Microsoft Visual Studio Solution File, Format Version 12.00
# Visual Studio Version 16
VisualStudioVersion = 16.0.32002.261
MinimumVisualStudioVersion = 10.0.40219.1
Project("{FAE04EC0-301F-11D3-BF4B-00C04F79EFBC}") = "Lesson_2.2", "Lesson_2.2\Lesson_2.2.csproj", "{B556D41E-CF8B-4426-B0D5-57344D4AE7D7}"
EndProject
Global
	GlobalSection(SolutionConfigurationPlatforms) = preSolution
		Debug|Any CPU = Debug|Any CPU
		Release|Any CPU = Release|Any CPU
	EndGlobalSection
	GlobalSection(ProjectConfigurationPlatforms) = postSolution
		{B556D41E-CF8B-4426-B0D5-57344D4AE7D7}.Debug|Any CPU.ActiveCfg = Debug|Any CPU
		{B556D41E-CF8B-4426-B0D5-57344D4AE7D7}.Debug|Any CPU.Build.0 = Debug|Any CPU
		{B556D41E-CF8B-4426-B0D5-57344D4AE7D7}.Release|Any CPU.ActiveCfg = Release|Any CPU
		{B556D41E-CF8B-4426-B0D5-57344D4AE7D7}.Release|Any CPU.Build.0 = Release|Any CPU
	EndGlobalSection
	GlobalSection(SolutionProperties) = preSolution
		HideSolutionNode = FALSE
	EndGlobalSection
	GlobalSection(ExtensibilityGlobals) = postSolution
		SolutionGuid = {45CDB86F-868C-4703-8031-F445D2B35AFB}
	EndGlobalSection
EndGlobal
